
Microsoft Visual Studio Solution File, Format Version 12.00
# Visual Studio Version 17
VisualStudioVersion = 17.1.32328.378
MinimumVisualStudioVersion = 10.0.40219.1
Project("{9A19103F-16F7-4668-BE54-9A1E7A4F7556}") = "backend", "backend.csproj", "{6EFA6972-8070-42ED-8BD8-A4E04052DA1D}"
EndProject
Global
	GlobalSection(SolutionConfigurationPlatforms) = preSolution
		Debug|Any CPU = Debug|Any CPU
		Release|Any CPU = Release|Any CPU
	EndGlobalSection
	GlobalSection(ProjectConfigurationPlatforms) = postSolution
		{6EFA6972-8070-42ED-8BD8-A4E04052DA1D}.Debug|Any CPU.ActiveCfg = Debug|Any CPU
		{6EFA6972-8070-42ED-8BD8-A4E04052DA1D}.Debug|Any CPU.Build.0 = Debug|Any CPU
		{6EFA6972-8070-42ED-8BD8-A4E04052DA1D}.Release|Any CPU.ActiveCfg = Release|Any CPU
		{6EFA6972-8070-42ED-8BD8-A4E04052DA1D}.Release|Any CPU.Build.0 = Release|Any CPU
	EndGlobalSection
	GlobalSection(SolutionProperties) = preSolution
		HideSolutionNode = FALSE
	EndGlobalSection
	GlobalSection(ExtensibilityGlobals) = postSolution
		SolutionGuid = {0245BC81-E9F7-4D67-AACB-382BBC058063}
	EndGlobalSection
EndGlobal
